
Microsoft Visual Studio Solution File, Format Version 12.00
# Visual Studio Version 16
VisualStudioVersion = 16.0.30503.244
MinimumVisualStudioVersion = 10.0.40219.1
Project("{FAE04EC0-301F-11D3-BF4B-00C04F79EFBC}") = "EX01", "EX01\EX01.csproj", "{0E8B043E-CCCD-4F85-A285-5A6C655458FE}"
EndProject
Global
	GlobalSection(SolutionConfigurationPlatforms) = preSolution
		Debug|Any CPU = Debug|Any CPU
		Release|Any CPU = Release|Any CPU
	EndGlobalSection
	GlobalSection(ProjectConfigurationPlatforms) = postSolution
		{0E8B043E-CCCD-4F85-A285-5A6C655458FE}.Debug|Any CPU.ActiveCfg = Debug|Any CPU
		{0E8B043E-CCCD-4F85-A285-5A6C655458FE}.Debug|Any CPU.Build.0 = Debug|Any CPU
		{0E8B043E-CCCD-4F85-A285-5A6C655458FE}.Release|Any CPU.ActiveCfg = Release|Any CPU
		{0E8B043E-CCCD-4F85-A285-5A6C655458FE}.Release|Any CPU.Build.0 = Release|Any CPU
	EndGlobalSection
	GlobalSection(SolutionProperties) = preSolution
		HideSolutionNode = FALSE
	EndGlobalSection
	GlobalSection(ExtensibilityGlobals) = postSolution
		SolutionGuid = {1302859A-1482-488B-86C3-5F5F29C69395}
	EndGlobalSection
EndGlobal
