
Microsoft Visual Studio Solution File, Format Version 12.00
# Visual Studio Version 16
VisualStudioVersion = 16.0.30503.244
MinimumVisualStudioVersion = 10.0.40219.1
Project("{FAE04EC0-301F-11D3-BF4B-00C04F79EFBC}") = "EX18", "EX18\EX18.csproj", "{86EBA9BC-E469-44E7-9305-B4090B21C371}"
EndProject
Global
	GlobalSection(SolutionConfigurationPlatforms) = preSolution
		Debug|Any CPU = Debug|Any CPU
		Release|Any CPU = Release|Any CPU
	EndGlobalSection
	GlobalSection(ProjectConfigurationPlatforms) = postSolution
		{86EBA9BC-E469-44E7-9305-B4090B21C371}.Debug|Any CPU.ActiveCfg = Debug|Any CPU
		{86EBA9BC-E469-44E7-9305-B4090B21C371}.Debug|Any CPU.Build.0 = Debug|Any CPU
		{86EBA9BC-E469-44E7-9305-B4090B21C371}.Release|Any CPU.ActiveCfg = Release|Any CPU
		{86EBA9BC-E469-44E7-9305-B4090B21C371}.Release|Any CPU.Build.0 = Release|Any CPU
	EndGlobalSection
	GlobalSection(SolutionProperties) = preSolution
		HideSolutionNode = FALSE
	EndGlobalSection
	GlobalSection(ExtensibilityGlobals) = postSolution
		SolutionGuid = {8C2EC277-02BA-4893-9890-CE544DBEB2E2}
	EndGlobalSection
EndGlobal
