
Microsoft Visual Studio Solution File, Format Version 12.00
# Visual Studio Version 16
VisualStudioVersion = 16.0.30503.244
MinimumVisualStudioVersion = 10.0.40219.1
Project("{FAE04EC0-301F-11D3-BF4B-00C04F79EFBC}") = "EX14", "EX14\EX14.csproj", "{50545A0F-DB3B-4812-8F10-48B2E4FEA075}"
EndProject
Global
	GlobalSection(SolutionConfigurationPlatforms) = preSolution
		Debug|Any CPU = Debug|Any CPU
		Release|Any CPU = Release|Any CPU
	EndGlobalSection
	GlobalSection(ProjectConfigurationPlatforms) = postSolution
		{50545A0F-DB3B-4812-8F10-48B2E4FEA075}.Debug|Any CPU.ActiveCfg = Debug|Any CPU
		{50545A0F-DB3B-4812-8F10-48B2E4FEA075}.Debug|Any CPU.Build.0 = Debug|Any CPU
		{50545A0F-DB3B-4812-8F10-48B2E4FEA075}.Release|Any CPU.ActiveCfg = Release|Any CPU
		{50545A0F-DB3B-4812-8F10-48B2E4FEA075}.Release|Any CPU.Build.0 = Release|Any CPU
	EndGlobalSection
	GlobalSection(SolutionProperties) = preSolution
		HideSolutionNode = FALSE
	EndGlobalSection
	GlobalSection(ExtensibilityGlobals) = postSolution
		SolutionGuid = {841AD31C-B2C3-4032-B29B-F7DA05094ED5}
	EndGlobalSection
EndGlobal
